
Microsoft Visual Studio Solution File, Format Version 12.00
# Visual Studio 14
VisualStudioVersion = 14.0.23107.0
MinimumVisualStudioVersion = 10.0.40219.1
Project("{FAE04EC0-301F-11D3-BF4B-00C04F79EFBC}") = "CollapsedToto", "CollapsedToto.csproj", "{1B259EF2-632D-417D-BC1A-04BAA4E3DEAD}"
EndProject
Project("{FAE04EC0-301F-11D3-BF4B-00C04F79EFBC}") = "Client", "Content\Client.csproj", "{8686B0B9-D4FE-41B9-A7BB-3207F33B51A7}"
EndProject
Global
	GlobalSection(SolutionConfigurationPlatforms) = preSolution
		Debug|Any CPU = Debug|Any CPU
		Debug|x86 = Debug|x86
		Release|Any CPU = Release|Any CPU
		Release|x86 = Release|x86
	EndGlobalSection
	GlobalSection(ProjectConfigurationPlatforms) = postSolution
		{1B259EF2-632D-417D-BC1A-04BAA4E3DEAD}.Debug|Any CPU.ActiveCfg = Debug|x86
		{1B259EF2-632D-417D-BC1A-04BAA4E3DEAD}.Debug|x86.ActiveCfg = Debug|x86
		{1B259EF2-632D-417D-BC1A-04BAA4E3DEAD}.Debug|x86.Build.0 = Debug|x86
		{1B259EF2-632D-417D-BC1A-04BAA4E3DEAD}.Release|Any CPU.ActiveCfg = Release|x86
		{1B259EF2-632D-417D-BC1A-04BAA4E3DEAD}.Release|x86.ActiveCfg = Release|x86
		{1B259EF2-632D-417D-BC1A-04BAA4E3DEAD}.Release|x86.Build.0 = Release|x86
		{8686B0B9-D4FE-41B9-A7BB-3207F33B51A7}.Debug|Any CPU.ActiveCfg = Debug|Any CPU
		{8686B0B9-D4FE-41B9-A7BB-3207F33B51A7}.Debug|Any CPU.Build.0 = Debug|Any CPU
		{8686B0B9-D4FE-41B9-A7BB-3207F33B51A7}.Debug|x86.ActiveCfg = Debug|Any CPU
		{8686B0B9-D4FE-41B9-A7BB-3207F33B51A7}.Debug|x86.Build.0 = Debug|Any CPU
		{8686B0B9-D4FE-41B9-A7BB-3207F33B51A7}.Release|Any CPU.ActiveCfg = Release|Any CPU
		{8686B0B9-D4FE-41B9-A7BB-3207F33B51A7}.Release|Any CPU.Build.0 = Release|Any CPU
		{8686B0B9-D4FE-41B9-A7BB-3207F33B51A7}.Release|x86.ActiveCfg = Release|Any CPU
		{8686B0B9-D4FE-41B9-A7BB-3207F33B51A7}.Release|x86.Build.0 = Release|Any CPU
	EndGlobalSection
	GlobalSection(SolutionProperties) = preSolution
		HideSolutionNode = FALSE
	EndGlobalSection
EndGlobal
